
Microsoft Visual Studio Solution File, Format Version 12.00
# Visual Studio Version 16
VisualStudioVersion = 16.0.30611.23
MinimumVisualStudioVersion = 15.0.26124.0
Project("{FAE04EC0-301F-11D3-BF4B-00C04F79EFBC}") = "Proba15.Objects", "Objects/Proba15.Objects.csproj", "65bdf4e4-b86b-4989-834c-6a9550dde5d4"
EndProject
Project("{FAE04EC0-301F-11D3-BF4B-00C04F79EFBC}") = "Proba15.Tests", "Tests/Proba15.Tests.csproj", "3e3633ac-516b-4062-947e-0c3c984da123"
EndProject
Project("{FAE04EC0-301F-11D3-BF4B-00C04F79EFBC}") = "Proba15.ODataBackend", "ODataBackend/Proba15.ODataBackend.csproj", "aca92424-ae15-41d7-971c-e39f87eea70a"
EndProject
Project("{FAE04EC0-301F-11D3-BF4B-00C04F79EFBC}") = "Proba15.IntegrationTests", "IntegrationTests/Proba15.IntegrationTests.csproj", "fecdbe7b-7f66-42c3-8f56-8bd61b9bbead"
EndProject
Global
	GlobalSection(SolutionConfigurationPlatforms) = preSolution
Debug|Any CPU = Debug|Any CPU
Release|Any CPU = Release|Any CPU
	EndGlobalSection
	GlobalSection(ProjectConfigurationPlatforms) = postSolution
		65bdf4e4-b86b-4989-834c-6a9550dde5d4.Debug|Any CPU.ActiveCfg = Debug|Any CPU
		65bdf4e4-b86b-4989-834c-6a9550dde5d4.Debug|Any CPU.Build.0 = Debug|Any CPU
		65bdf4e4-b86b-4989-834c-6a9550dde5d4.Release|Any CPU.ActiveCfg = Release|Any CPU
		65bdf4e4-b86b-4989-834c-6a9550dde5d4.Release|Any CPU.Build.0 = Release|Any CPU
		3e3633ac-516b-4062-947e-0c3c984da123.Debug|Any CPU.ActiveCfg = Debug|Any CPU
		3e3633ac-516b-4062-947e-0c3c984da123.Debug|Any CPU.Build.0 = Debug|Any CPU
		3e3633ac-516b-4062-947e-0c3c984da123.Release|Any CPU.ActiveCfg = Release|Any CPU
		3e3633ac-516b-4062-947e-0c3c984da123.Release|Any CPU.Build.0 = Release|Any CPU
		aca92424-ae15-41d7-971c-e39f87eea70a.Debug|Any CPU.ActiveCfg = Debug|Any CPU
		aca92424-ae15-41d7-971c-e39f87eea70a.Debug|Any CPU.Build.0 = Debug|Any CPU
		aca92424-ae15-41d7-971c-e39f87eea70a.Release|Any CPU.ActiveCfg = Release|Any CPU
		aca92424-ae15-41d7-971c-e39f87eea70a.Release|Any CPU.Build.0 = Release|Any CPU
		fecdbe7b-7f66-42c3-8f56-8bd61b9bbead.Debug|Any CPU.ActiveCfg = Debug|Any CPU
		fecdbe7b-7f66-42c3-8f56-8bd61b9bbead.Debug|Any CPU.Build.0 = Debug|Any CPU
		fecdbe7b-7f66-42c3-8f56-8bd61b9bbead.Release|Any CPU.ActiveCfg = Release|Any CPU
		fecdbe7b-7f66-42c3-8f56-8bd61b9bbead.Release|Any CPU.Build.0 = Release|Any CPU
	EndGlobalSection
	GlobalSection(SolutionProperties) = preSolution
		HideSolutionNode = FALSE
	EndGlobalSection
EndGlobal
